
Microsoft Visual Studio Solution File, Format Version 12.00
# Visual Studio Version 17
VisualStudioVersion = 17.9.34728.123
MinimumVisualStudioVersion = 10.0.40219.1
Project("{FAE04EC0-301F-11D3-BF4B-00C04F79EFBC}") = "ChallengeI", "ChallengeI\ChallengeI.csproj", "{ABD3BDE4-69BF-4CD7-89F9-19CEC8509AC0}"
EndProject
Global
	GlobalSection(SolutionConfigurationPlatforms) = preSolution
		Debug|Any CPU = Debug|Any CPU
		Release|Any CPU = Release|Any CPU
	EndGlobalSection
	GlobalSection(ProjectConfigurationPlatforms) = postSolution
		{ABD3BDE4-69BF-4CD7-89F9-19CEC8509AC0}.Debug|Any CPU.ActiveCfg = Debug|Any CPU
		{ABD3BDE4-69BF-4CD7-89F9-19CEC8509AC0}.Debug|Any CPU.Build.0 = Debug|Any CPU
		{ABD3BDE4-69BF-4CD7-89F9-19CEC8509AC0}.Release|Any CPU.ActiveCfg = Release|Any CPU
		{ABD3BDE4-69BF-4CD7-89F9-19CEC8509AC0}.Release|Any CPU.Build.0 = Release|Any CPU
	EndGlobalSection
	GlobalSection(SolutionProperties) = preSolution
		HideSolutionNode = FALSE
	EndGlobalSection
	GlobalSection(ExtensibilityGlobals) = postSolution
		SolutionGuid = {FAE9A6C1-5A93-4AC8-B697-5678BB634D9D}
	EndGlobalSection
EndGlobal
